// !$*UTF8*$!
{
	archiveVersion = 1;
	classes = {
	};
	objectVersion = 50;
	objects = {

/* Begin PBXBuildFile section */
		0412742D256608A600828C8E /* AppDelegate.m in Sources */ = {isa = PBXBuildFile; fileRef = 0412742C256608A600828C8E /* AppDelegate.m */; };
		04127430256608A600828C8E /* SceneDelegate.m in Sources */ = {isa = PBXBuildFile; fileRef = 0412742F256608A600828C8E /* SceneDelegate.m */; };
		04127433256608A600828C8E /* ViewController.m in Sources */ = {isa = PBXBuildFile; fileRef = 04127432256608A600828C8E /* ViewController.m */; };
		04127436256608A600828C8E /* Main.storyboard in Resources */ = {isa = PBXBuildFile; fileRef = 04127434256608A600828C8E /* Main.storyboard */; };
		04127438256608A800828C8E /* Assets.xcassets in Resources */ = {isa = PBXBuildFile; fileRef = 04127437256608A800828C8E /* Assets.xcassets */; };
		0412743B256608A800828C8E /* LaunchScreen.storyboard in Resources */ = {isa = PBXBuildFile; fileRef = 04127439256608A800828C8E /* LaunchScreen.storyboard */; };
		0412743E256608A800828C8E /* main.m in Sources */ = {isa = PBXBuildFile; fileRef = 0412743D256608A800828C8E /* main.m */; };
		04127448256608A800828C8E /* gitDemoTests.m in Sources */ = {isa = PBXBuildFile; fileRef = 04127447256608A800828C8E /* gitDemoTests.m */; };
		04127453256608A800828C8E /* gitDemoUITests.m in Sources */ = {isa = PBXBuildFile; fileRef = 04127452256608A800828C8E /* gitDemoUITests.m */; };
/* End PBXBuildFile section */

/* Begin PBXContainerItemProxy section */
		04127444256608A800828C8E /* PBXContainerItemProxy */ = {
			isa = PBXContainerItemProxy;
			containerPortal = 04127420256608A600828C8E /* Project object */;
			proxyType = 1;
			remoteGlobalIDString = 04127427256608A600828C8E;
			remoteInfo = gitDemo;
		};
		0412744F256608A800828C8E /* PBXContainerItemProxy */ = {
			isa = PBXContainerItemProxy;
			containerPortal = 04127420256608A600828C8E /* Project object */;
			proxyType = 1;
			remoteGlobalIDString = 04127427256608A600828C8E;
			remoteInfo = gitDemo;
		};
/* End PBXContainerItemProxy section */

/* Begin PBXFileReference section */
		04127428256608A600828C8E /* gitDemo.app */ = {isa = PBXFileReference; explicitFileType = wrapper.application; includeInIndex = 0; path = gitDemo.app; sourceTree = BUILT_PRODUCTS_DIR; };
		0412742B256608A600828C8E /* AppDelegate.h */ = {isa = PBXFileReference; lastKnownFileType = sourcecode.c.h; path = AppDelegate.h; sourceTree = "<group>"; };
		0412742C256608A600828C8E /* AppDelegate.m */ = {isa = PBXFileReference; lastKnownFileType = sourcecode.c.objc; path = AppDelegate.m; sourceTree = "<group>"; };
		0412742E256608A600828C8E /* SceneDelegate.h */ = {isa = PBXFileReference; lastKnownFileType = sourcecode.c.h; path = SceneDelegate.h; sourceTree = "<group>"; };
		0412742F256608A600828C8E /* SceneDelegate.m */ = {isa = PBXFileReference; lastKnownFileType = sourcecode.c.objc; path = SceneDelegate.m; sourceTree = "<group>"; };
		04127431256608A600828C8E /* ViewController.h */ = {isa = PBXFileReference; lastKnownFileType = sourcecode.c.h; path = ViewController.h; sourceTree = "<group>"; };
		04127432256608A600828C8E /* ViewController.m */ = {isa = PBXFileReference; lastKnownFileType = sourcecode.c.objc; path = ViewController.m; sourceTree = "<group>"; };
		04127435256608A600828C8E /* Base */ = {isa = PBXFileReference; lastKnownFileType = file.storyboard; name = Base; path = Base.lproj/Main.storyboard; sourceTree = "<group>"; };
		04127437256608A800828C8E /* Assets.xcassets */ = {isa = PBXFileReference; lastKnownFileType = folder.assetcatalog; path = Assets.xcassets; sourceTree = "<group>"; };
		0412743A256608A800828C8E /* Base */ = {isa = PBXFileReference; lastKnownFileType = file.storyboard; name = Base; path = Base.lproj/LaunchScreen.storyboard; sourceTree = "<group>"; };
		0412743C256608A800828C8E /* Info.plist */ = {isa = PBXFileReference; lastKnownFileType = text.plist.xml; path = Info.plist; sourceTree = "<group>"; };
		0412743D256608A800828C8E /* main.m */ = {isa = PBXFileReference; lastKnownFileType = sourcecode.c.objc; path = main.m; sourceTree = "<group>"; };
		04127443256608A800828C8E /* gitDemoTests.xctest */ = {isa = PBXFileReference; explicitFileType = wrapper.cfbundle; includeInIndex = 0; path = gitDemoTests.xctest; sourceTree = BUILT_PRODUCTS_DIR; };
		04127447256608A800828C8E /* gitDemoTests.m */ = {isa = PBXFileReference; lastKnownFileType = sourcecode.c.objc; path = gitDemoTests.m; sourceTree = "<group>"; };
		04127449256608A800828C8E /* Info.plist */ = {isa = PBXFileReference; lastKnownFileType = text.plist.xml; path = Info.plist; sourceTree = "<group>"; };
		0412744E256608A800828C8E /* gitDemoUITests.xctest */ = {isa = PBXFileReference; explicitFileType = wrapper.cfbundle; includeInIndex = 0; path = gitDemoUITests.xctest; sourceTree = BUILT_PRODUCTS_DIR; };
		04127452256608A800828C8E /* gitDemoUITests.m */ = {isa = PBXFileReference; lastKnownFileType = sourcecode.c.objc; path = gitDemoUITests.m; sourceTree = "<group>"; };
		04127454256608A800828C8E /* Info.plist */ = {isa = PBXFileReference; lastKnownFileType = text.plist.xml; path = Info.plist; sourceTree = "<group>"; };
/* End PBXFileReference section */

/* Begin PBXFrameworksBuildPhase section */
		04127425256608A600828C8E /* Frameworks */ = {
			isa = PBXFrameworksBuildPhase;
			buildActionMask = 2147483647;
			files = (
			);
			runOnlyForDeploymentPostprocessing = 0;
		};
		04127440256608A800828C8E /* Frameworks */ = {
			isa = PBXFrameworksBuildPhase;
			buildActionMask = 2147483647;
			files = (
			);
			runOnlyForDeploymentPostprocessing = 0;
		};
		0412744B256608A800828C8E /* Frameworks */ = {
			isa = PBXFrameworksBuildPhase;
			buildActionMask = 2147483647;
			files = (
			);
			runOnlyForDeploymentPostprocessing = 0;
		};
/* End PBXFrameworksBuildPhase section */

/* Begin PBXGroup section */
		0412741F256608A600828C8E = {
			isa = PBXGroup;
			children = (
				0412742A256608A600828C8E /* gitDemo */,
				04127446256608A800828C8E /* gitDemoTests */,
				04127451256608A800828C8E /* gitDemoUITests */,
				04127429256608A600828C8E /* Products */,
			);
			sourceTree = "<group>";
		};
		04127429256608A600828C8E /* Products */ = {
			isa = PBXGroup;
			children = (
				04127428256608A600828C8E /* gitDemo.app */,
				04127443256608A800828C8E /* gitDemoTests.xctest */,
				0412744E256608A800828C8E /* gitDemoUITests.xctest */,
			);
			name = Products;
			sourceTree = "<group>";
		};
		0412742A256608A600828C8E /* gitDemo */ = {
			isa = PBXGroup;
			children = (
				0412742B256608A600828C8E /* AppDelegate.h */,
				0412742C256608A600828C8E /* AppDelegate.m */,
				0412742E256608A600828C8E /* SceneDelegate.h */,
				0412742F256608A600828C8E /* SceneDelegate.m */,
				04127431256608A600828C8E /* ViewController.h */,
				04127432256608A600828C8E /* ViewController.m */,
				04127434256608A600828C8E /* Main.storyboard */,
				04127437256608A800828C8E /* Assets.xcassets */,
				04127439256608A800828C8E /* LaunchScreen.storyboard */,
				0412743C256608A800828C8E /* Info.plist */,
				0412743D256608A800828C8E /* main.m */,
			);
			path = gitDemo;
			sourceTree = "<group>";
		};
		04127446256608A800828C8E /* gitDemoTests */ = {
			isa = PBXGroup;
			children = (
				04127447256608A800828C8E /* gitDemoTests.m */,
				04127449256608A800828C8E /* Info.plist */,
			);
			path = gitDemoTests;
			sourceTree = "<group>";
		};
		04127451256608A800828C8E /* gitDemoUITests */ = {
			isa = PBXGroup;
			children = (
				04127452256608A800828C8E /* gitDemoUITests.m */,
				04127454256608A800828C8E /* Info.plist */,
			);
			path = gitDemoUITests;
			sourceTree = "<group>";
		};
/* End PBXGroup section */

/* Begin PBXNativeTarget section */
		04127427256608A600828C8E /* gitDemo */ = {
			isa = PBXNativeTarget;
			buildConfigurationList = 04127457256608A800828C8E /* Build configuration list for PBXNativeTarget "gitDemo" */;
			buildPhases = (
				04127424256608A600828C8E /* Sources */,
				04127425256608A600828C8E /* Frameworks */,
				04127426256608A600828C8E /* Resources */,
			);
			buildRules = (
			);
			dependencies = (
			);
			name = gitDemo;
			productName = gitDemo;
			productReference = 04127428256608A600828C8E /* gitDemo.app */;
			productType = "com.apple.product-type.application";
		};
		04127442256608A800828C8E /* gitDemoTests */ = {
			isa = PBXNativeTarget;
			buildConfigurationList = 0412745A256608A800828C8E /* Build configuration list for PBXNativeTarget "gitDemoTests" */;
			buildPhases = (
				0412743F256608A800828C8E /* Sources */,
				04127440256608A800828C8E /* Frameworks */,
				04127441256608A800828C8E /* Resources */,
			);
			buildRules = (
			);
			dependencies = (
				04127445256608A800828C8E /* PBXTargetDependency */,
			);
			name = gitDemoTests;
			productName = gitDemoTests;
			productReference = 04127443256608A800828C8E /* gitDemoTests.xctest */;
			productType = "com.apple.product-type.bundle.unit-test";
		};
		0412744D256608A800828C8E /* gitDemoUITests */ = {
			isa = PBXNativeTarget;
			buildConfigurationList = 0412745D256608A800828C8E /* Build configuration list for PBXNativeTarget "gitDemoUITests" */;
			buildPhases = (
				0412744A256608A800828C8E /* Sources */,
				0412744B256608A800828C8E /* Frameworks */,
				0412744C256608A800828C8E /* Resources */,
			);
			buildRules = (
			);
			dependencies = (
				04127450256608A800828C8E /* PBXTargetDependency */,
			);
			name = gitDemoUITests;
			productName = gitDemoUITests;
			productReference = 0412744E256608A800828C8E /* gitDemoUITests.xctest */;
			productType = "com.apple.product-type.bundle.ui-testing";
		};
/* End PBXNativeTarget section */

/* Begin PBXProject section */
		04127420256608A600828C8E /* Project object */ = {
			isa = PBXProject;
			attributes = {
				LastUpgradeCheck = 1220;
				TargetAttributes = {
					04127427256608A600828C8E = {
						CreatedOnToolsVersion = 12.2;
					};
					04127442256608A800828C8E = {
						CreatedOnToolsVersion = 12.2;
						TestTargetID = 04127427256608A600828C8E;
					};
					0412744D256608A800828C8E = {
						CreatedOnToolsVersion = 12.2;
						TestTargetID = 04127427256608A600828C8E;
					};
				};
			};
			buildConfigurationList = 04127423256608A600828C8E /* Build configuration list for PBXProject "gitDemo" */;
			compatibilityVersion = "Xcode 9.3";
			developmentRegion = en;
			hasScannedForEncodings = 0;
			knownRegions = (
				en,
				Base,
			);
			mainGroup = 0412741F256608A600828C8E;
			productRefGroup = 04127429256608A600828C8E /* Products */;
			projectDirPath = "";
			projectRoot = "";
			targets = (
				04127427256608A600828C8E /* gitDemo */,
				04127442256608A800828C8E /* gitDemoTests */,
				0412744D256608A800828C8E /* gitDemoUITests */,
			);
		};
/* End PBXProject section */

/* Begin PBXResourcesBuildPhase section */
		04127426256608A600828C8E /* Resources */ = {
			isa = PBXResourcesBuildPhase;
			buildActionMask = 2147483647;
			files = (
				0412743B256608A800828C8E /* LaunchScreen.storyboard in Resources */,
				04127438256608A800828C8E /* Assets.xcassets in Resources */,
				04127436256608A600828C8E /* Main.storyboard in Resources */,
			);
			runOnlyForDeploymentPostprocessing = 0;
		};
		04127441256608A800828C8E /* Resources */ = {
			isa = PBXResourcesBuildPhase;
			buildActionMask = 2147483647;
			files = (
			);
			runOnlyForDeploymentPostprocessing = 0;
		};
		0412744C256608A800828C8E /* Resources */ = {
			isa = PBXResourcesBuildPhase;
			buildActionMask = 2147483647;
			files = (
			);
			runOnlyForDeploymentPostprocessing = 0;
		};
/* End PBXResourcesBuildPhase section */

/* Begin PBXSourcesBuildPhase section */
		04127424256608A600828C8E /* Sources */ = {
			isa = PBXSourcesBuildPhase;
			buildActionMask = 2147483647;
			files = (
				04127433256608A600828C8E /* ViewController.m in Sources */,
				0412742D256608A600828C8E /* AppDelegate.m in Sources */,
				0412743E256608A800828C8E /* main.m in Sources */,
				04127430256608A600828C8E /* SceneDelegate.m in Sources */,
			);
			runOnlyForDeploymentPostprocessing = 0;
		};
		0412743F256608A800828C8E /* Sources */ = {
			isa = PBXSourcesBuildPhase;
			buildActionMask = 2147483647;
			files = (
				04127448256608A800828C8E /* gitDemoTests.m in Sources */,
			);
			runOnlyForDeploymentPostprocessing = 0;
		};
		0412744A256608A800828C8E /* Sources */ = {
			isa = PBXSourcesBuildPhase;
			buildActionMask = 2147483647;
			files = (
				04127453256608A800828C8E /* gitDemoUITests.m in Sources */,
			);
			runOnlyForDeploymentPostprocessing = 0;
		};
/* End PBXSourcesBuildPhase section */

/* Begin PBXTargetDependency section */
		04127445256608A800828C8E /* PBXTargetDependency */ = {
			isa = PBXTargetDependency;
			target = 04127427256608A600828C8E /* gitDemo */;
			targetProxy = 04127444256608A800828C8E /* PBXContainerItemProxy */;
		};
		04127450256608A800828C8E /* PBXTargetDependency */ = {
			isa = PBXTargetDependency;
			target = 04127427256608A600828C8E /* gitDemo */;
			targetProxy = 0412744F256608A800828C8E /* PBXContainerItemProxy */;
		};
/* End PBXTargetDependency section */

/* Begin PBXVariantGroup section */
		04127434256608A600828C8E /* Main.storyboard */ = {
			isa = PBXVariantGroup;
			children = (
				04127435256608A600828C8E /* Base */,
			);
			name = Main.storyboard;
			sourceTree = "<group>";
		};
		04127439256608A800828C8E /* LaunchScreen.storyboard */ = {
			isa = PBXVariantGroup;
			children = (
				0412743A256608A800828C8E /* Base */,
			);
			name = LaunchScreen.storyboard;
			sourceTree = "<group>";
		};
/* End PBXVariantGroup section */

/* Begin XCBuildConfiguration section */
		04127455256608A800828C8E /* Debug */ = {
			isa = XCBuildConfiguration;
			buildSettings = {
				ALWAYS_SEARCH_USER_PATHS = NO;
				CLANG_ANALYZER_NONNULL = YES;
				CLANG_ANALYZER_NUMBER_OBJECT_CONVERSION = YES_AGGRESSIVE;
				CLANG_CXX_LANGUAGE_STANDARD = "gnu++14";
				CLANG_CXX_LIBRARY = "libc++";
				CLANG_ENABLE_MODULES = YES;
				CLANG_ENABLE_OBJC_ARC = YES;
				CLANG_ENABLE_OBJC_WEAK = YES;
				CLANG_WARN_BLOCK_CAPTURE_AUTORELEASING = YES;
				CLANG_WARN_BOOL_CONVERSION = YES;
				CLANG_WARN_COMMA = YES;
				CLANG_WARN_CONSTANT_CONVERSION = YES;
				CLANG_WARN_DEPRECATED_OBJC_IMPLEMENTATIONS = YES;
				CLANG_WARN_DIRECT_OBJC_ISA_USAGE = YES_ERROR;
				CLANG_WARN_DOCUMENTATION_COMMENTS = YES;
				CLANG_WARN_EMPTY_BODY = YES;
				CLANG_WARN_ENUM_CONVERSION = YES;
				CLANG_WARN_INFINITE_RECURSION = YES;
				CLANG_WARN_INT_CONVERSION = YES;
				CLANG_WARN_NON_LITERAL_NULL_CONVERSION = YES;
				CLANG_WARN_OBJC_IMPLICIT_RETAIN_SELF = YES;
				CLANG_WARN_OBJC_LITERAL_CONVERSION = YES;
				CLANG_WARN_OBJC_ROOT_CLASS = YES_ERROR;
				CLANG_WARN_QUOTED_INCLUDE_IN_FRAMEWORK_HEADER = YES;
				CLANG_WARN_RANGE_LOOP_ANALYSIS = YES;
				CLANG_WARN_STRICT_PROTOTYPES = YES;
				CLANG_WARN_SUSPICIOUS_MOVE = YES;
				CLANG_WARN_UNGUARDED_AVAILABILITY = YES_AGGRESSIVE;
				CLANG_WARN_UNREACHABLE_CODE = YES;
				CLANG_WARN__DUPLICATE_METHOD_MATCH = YES;
				COPY_PHASE_STRIP = NO;
				DEBUG_INFORMATION_FORMAT = dwarf;
				ENABLE_STRICT_OBJC_MSGSEND = YES;
				ENABLE_TESTABILITY = YES;
				GCC_C_LANGUAGE_STANDARD = gnu11;
				GCC_DYNAMIC_NO_PIC = NO;
				GCC_NO_COMMON_BLOCKS = YES;
				GCC_OPTIMIZATION_LEVEL = 0;
				GCC_PREPROCESSOR_DEFINITIONS = (
					"DEBUG=1",
					"$(inherited)",
				);
				GCC_WARN_64_TO_32_BIT_CONVERSION = YES;
				GCC_WARN_ABOUT_RETURN_TYPE = YES_ERROR;
				GCC_WARN_UNDECLARED_SELECTOR = YES;
				GCC_WARN_UNINITIALIZED_AUTOS = YES_AGGRESSIVE;
				GCC_WARN_UNUSED_FUNCTION = YES;
				GCC_WARN_UNUSED_VARIABLE = YES;
				IPHONEOS_DEPLOYMENT_TARGET = 14.2;
				MTL_ENABLE_DEBUG_INFO = INCLUDE_SOURCE;
				MTL_FAST_MATH = YES;
				ONLY_ACTIVE_ARCH = YES;
				SDKROOT = iphoneos;
			};
			name = Debug;
		};
		04127456256608A800828C8E /* Release */ = {
			isa = XCBuildConfiguration;
			buildSettings = {
				ALWAYS_SEARCH_USER_PATHS = NO;
				CLANG_ANALYZER_NONNULL = YES;
				CLANG_ANALYZER_NUMBER_OBJECT_CONVERSION = YES_AGGRESSIVE;
				CLANG_CXX_LANGUAGE_STANDARD = "gnu++14";
				CLANG_CXX_LIBRARY = "libc++";
				CLANG_ENABLE_MODULES = YES;
				CLANG_ENABLE_OBJC_ARC = YES;
				CLANG_ENABLE_OBJC_WEAK = YES;
				CLANG_WARN_BLOCK_CAPTURE_AUTORELEASING = YES;
				CLANG_WARN_BOOL_CONVERSION = YES;
				CLANG_WARN_COMMA = YES;
				CLANG_WARN_CONSTANT_CONVERSION = YES;
				CLANG_WARN_DEPRECATED_OBJC_IMPLEMENTATIONS = YES;
				CLANG_WARN_DIRECT_OBJC_ISA_USAGE = YES_ERROR;
				CLANG_WARN_DOCUMENTATION_COMMENTS = YES;
				CLANG_WARN_EMPTY_BODY = YES;
				CLANG_WARN_ENUM_CONVERSION = YES;
				CLANG_WARN_INFINITE_RECURSION = YES;
				CLANG_WARN_INT_CONVERSION = YES;
				CLANG_WARN_NON_LITERAL_NULL_CONVERSION = YES;
				CLANG_WARN_OBJC_IMPLICIT_RETAIN_SELF = YES;
				CLANG_WARN_OBJC_LITERAL_CONVERSION = YES;
				CLANG_WARN_OBJC_ROOT_CLASS = YES_ERROR;
				CLANG_WARN_QUOTED_INCLUDE_IN_FRAMEWORK_HEADER = YES;
				CLANG_WARN_RANGE_LOOP_ANALYSIS = YES;
				CLANG_WARN_STRICT_PROTOTYPES = YES;
				CLANG_WARN_SUSPICIOUS_MOVE = YES;
				CLANG_WARN_UNGUARDED_AVAILABILITY = YES_AGGRESSIVE;
				CLANG_WARN_UNREACHABLE_CODE = YES;
				CLANG_WARN__DUPLICATE_METHOD_MATCH = YES;
				COPY_PHASE_STRIP = NO;
				DEBUG_INFORMATION_FORMAT = "dwarf-with-dsym";
				ENABLE_NS_ASSERTIONS = NO;
				ENABLE_STRICT_OBJC_MSGSEND = YES;
				GCC_C_LANGUAGE_STANDARD = gnu11;
				GCC_NO_COMMON_BLOCKS = YES;
				GCC_WARN_64_TO_32_BIT_CONVERSION = YES;
				GCC_WARN_ABOUT_RETURN_TYPE = YES_ERROR;
				GCC_WARN_UNDECLARED_SELECTOR = YES;
				GCC_WARN_UNINITIALIZED_AUTOS = YES_AGGRESSIVE;
				GCC_WARN_UNUSED_FUNCTION = YES;
				GCC_WARN_UNUSED_VARIABLE = YES;
				IPHONEOS_DEPLOYMENT_TARGET = 14.2;
				MTL_ENABLE_DEBUG_INFO = NO;
				MTL_FAST_MATH = YES;
				SDKROOT = iphoneos;
				VALIDATE_PRODUCT = YES;
			};
			name = Release;
		};
		04127458256608A800828C8E /* Debug */ = {
			isa = XCBuildConfiguration;
			buildSettings = {
				ASSETCATALOG_COMPILER_APPICON_NAME = AppIcon;
				ASSETCATALOG_COMPILER_GLOBAL_ACCENT_COLOR_NAME = AccentColor;
				CODE_SIGN_STYLE = Automatic;
				DEVELOPMENT_TEAM = DRTF5T38NA;
				INFOPLIST_FILE = gitDemo/Info.plist;
				LD_RUNPATH_SEARCH_PATHS = (
					"$(inherited)",
					"@executable_path/Frameworks",
				);
				PRODUCT_BUNDLE_IDENTIFIER = BaoLei.gitDemo;
				PRODUCT_NAME = "$(TARGET_NAME)";
				TARGETED_DEVICE_FAMILY = "1,2";
			};
			name = Debug;
		};
		04127459256608A800828C8E /* Release */ = {
			isa = XCBuildConfiguration;
			buildSettings = {
				ASSETCATALOG_COMPILER_APPICON_NAME = AppIcon;
				ASSETCATALOG_COMPILER_GLOBAL_ACCENT_COLOR_NAME = AccentColor;
				CODE_SIGN_STYLE = Automatic;
				DEVELOPMENT_TEAM = DRTF5T38NA;
				INFOPLIST_FILE = gitDemo/Info.plist;
				LD_RUNPATH_SEARCH_PATHS = (
					"$(inherited)",
					"@executable_path/Frameworks",
				);
				PRODUCT_BUNDLE_IDENTIFIER = BaoLei.gitDemo;
				PRODUCT_NAME = "$(TARGET_NAME)";
				TARGETED_DEVICE_FAMILY = "1,2";
			};
			name = Release;
		};
		0412745B256608A800828C8E /* Debug */ = {
			isa = XCBuildConfiguration;
			buildSettings = {
				BUNDLE_LOADER = "$(TEST_HOST)";
				CODE_SIGN_STYLE = Automatic;
				DEVELOPMENT_TEAM = DRTF5T38NA;
				INFOPLIST_FILE = gitDemoTests/Info.plist;
				IPHONEOS_DEPLOYMENT_TARGET = 14.2;
				LD_RUNPATH_SEARCH_PATHS = (
					"$(inherited)",
					"@executable_path/Frameworks",
					"@loader_path/Frameworks",
				);
				PRODUCT_BUNDLE_IDENTIFIER = BaoLei.gitDemoTests;
				PRODUCT_NAME = "$(TARGET_NAME)";
				TARGETED_DEVICE_FAMILY = "1,2";
				TEST_HOST = "$(BUILT_PRODUCTS_DIR)/gitDemo.app/gitDemo";
			};
			name = Debug;
		};
		0412745C256608A800828C8E /* Release */ = {
			isa = XCBuildConfiguration;
			buildSettings = {
				BUNDLE_LOADER = "$(TEST_HOST)";
				CODE_SIGN_STYLE = Automatic;
				DEVELOPMENT_TEAM = DRTF5T38NA;
				INFOPLIST_FILE = gitDemoTests/Info.plist;
				IPHONEOS_DEPLOYMENT_TARGET = 14.2;
				LD_RUNPATH_SEARCH_PATHS = (
					"$(inherited)",
					"@executable_path/Frameworks",
					"@loader_path/Frameworks",
				);
				PRODUCT_BUNDLE_IDENTIFIER = BaoLei.gitDemoTests;
				PRODUCT_NAME = "$(TARGET_NAME)";
				TARGETED_DEVICE_FAMILY = "1,2";
				TEST_HOST = "$(BUILT_PRODUCTS_DIR)/gitDemo.app/gitDemo";
			};
			name = Release;
		};
		0412745E256608A800828C8E /* Debug */ = {
			isa = XCBuildConfiguration;
			buildSettings = {
				CODE_SIGN_STYLE = Automatic;
				DEVELOPMENT_TEAM = DRTF5T38NA;
				INFOPLIST_FILE = gitDemoUITests/Info.plist;
				LD_RUNPATH_SEARCH_PATHS = (
					"$(inherited)",
					"@executable_path/Frameworks",
					"@loader_path/Frameworks",
				);
				PRODUCT_BUNDLE_IDENTIFIER = BaoLei.gitDemoUITests;
				PRODUCT_NAME = "$(TARGET_NAME)";
				TARGETED_DEVICE_FAMILY = "1,2";
				TEST_TARGET_NAME = gitDemo;
			};
			name = Debug;
		};
		0412745F256608A800828C8E /* Release */ = {
			isa = XCBuildConfiguration;
			buildSettings = {
				CODE_SIGN_STYLE = Automatic;
				DEVELOPMENT_TEAM = DRTF5T38NA;
				INFOPLIST_FILE = gitDemoUITests/Info.plist;
				LD_RUNPATH_SEARCH_PATHS = (
					"$(inherited)",
					"@executable_path/Frameworks",
					"@loader_path/Frameworks",
				);
				PRODUCT_BUNDLE_IDENTIFIER = BaoLei.gitDemoUITests;
				PRODUCT_NAME = "$(TARGET_NAME)";
				TARGETED_DEVICE_FAMILY = "1,2";
				TEST_TARGET_NAME = gitDemo;
			};
			name = Release;
		};
/* End XCBuildConfiguration section */

/* Begin XCConfigurationList section */
		04127423256608A600828C8E /* Build configuration list for PBXProject "gitDemo" */ = {
			isa = XCConfigurationList;
			buildConfigurations = (
				04127455256608A800828C8E /* Debug */,
				04127456256608A800828C8E /* Release */,
			);
			defaultConfigurationIsVisible = 0;
			defaultConfigurationName = Release;
		};
		04127457256608A800828C8E /* Build configuration list for PBXNativeTarget "gitDemo" */ = {
			isa = XCConfigurationList;
			buildConfigurations = (
				04127458256608A800828C8E /* Debug */,
				04127459256608A800828C8E /* Release */,
			);
			defaultConfigurationIsVisible = 0;
			defaultConfigurationName = Release;
		};
		0412745A256608A800828C8E /* Build configuration list for PBXNativeTarget "gitDemoTests" */ = {
			isa = XCConfigurationList;
			buildConfigurations = (
				0412745B256608A800828C8E /* Debug */,
				0412745C256608A800828C8E /* Release */,
			);
			defaultConfigurationIsVisible = 0;
			defaultConfigurationName = Release;
		};
		0412745D256608A800828C8E /* Build configuration list for PBXNativeTarget "gitDemoUITests" */ = {
			isa = XCConfigurationList;
			buildConfigurations = (
				0412745E256608A800828C8E /* Debug */,
				0412745F256608A800828C8E /* Release */,
			);
			defaultConfigurationIsVisible = 0;
			defaultConfigurationName = Release;
		};
/* End XCConfigurationList section */
	};
	rootObject = 04127420256608A600828C8E /* Project object */;
}
